version = 1
revision = 3
requires-python = ">=3.13"

[[package]]
name = "argon2-cffi"
version = "23.1.0"
source = { registry = "https://pypi.org/simple" }
dependencies = [
    { name = "argon2-cffi-bindings" },
]
sdist = { url = "https://files.pythonhosted.org/packages/31/fa/57ec2c6d16ecd2ba0cf15f3c7d1c3c2e7b5fcb83555ff56d7ab10888ec8f/argon2_cffi-23.1.0.tar.gz", hash = "sha256:879c3e79a2729ce768ebb7d36d4609e3a78a4ca2ec3a9f12286ca057e3d0db08", size = 42798, upload-time = "2023-08-15T14:13:12.711Z" }
wheels = [
    { url = "https://files.pythonhosted.org/packages/a4/6a/e8a041599e78b6b3752da48000b14c8d1e8a04ded09c88c714ba047f34f5/argon2_cffi-23.1.0-py3-none-any.whl", hash = "sha256:c670642b78ba29641818ab2e68bd4e6a78ba53b7eff7b4c3815ae16abf91c7ea", size = 15124, upload-time = "2023-08-15T14:13:10.752Z" },
]

[[package]]
name = "argon2-cffi-bindings"
version = "21.2.0"
source = { registry = "https://pypi.org/simple" }
dependencies = [
    { name = "cffi" },
]
sdist = { url = "https://files.pythonhosted.org/packages/b9/e9/184b8ccce6683b0aa2fbb7ba5683ea4b9c5763f1356347f1312c32e3c66e/argon2-cffi-bindings-21.2.0.tar.gz", hash = "sha256:bb89ceffa6c791807d1305ceb77dbfacc5aa499891d2c55661c6459651fc39e3", size = 1779911, upload-time = "2021-12-01T08:52:55.68Z" }
wheels = [
    { url = "https://files.pythonhosted.org/packages/d4/13/838ce2620025e9666aa8f686431f67a29052241692a3dd1ae9d3692a89d3/argon2_cffi_bindings-21.2.0-cp36-abi3-macosx_10_9_x86_64.whl", hash = "sha256:ccb949252cb2ab3a08c02024acb77cfb179492d5701c7cbdbfd776124d4d2367", size = 29658, upload-time = "2021-12-01T09:09:17.016Z" },
    { url = "https://files.pythonhosted.org/packages/b3/02/f7f7bb6b6af6031edb11037639c697b912e1dea2db94d436e681aea2f495/argon2_cffi_bindings-21.2.0-cp36-abi3-manylinux_2_17_aarch64.manylinux2014_aarch64.whl", hash = "sha256:9524464572e12979364b7d600abf96181d3541da11e23ddf565a32e70bd4dc0d", size = 80583, upload-time = "2021-12-01T09:09:19.546Z" },
    { url = "https://files.pythonhosted.org/packages/ec/f7/378254e6dd7ae6f31fe40c8649eea7d4832a42243acaf0f1fff9083b2bed/argon2_cffi_bindings-21.2.0-cp36-abi3-manylinux_2_17_x86_64.manylinux2014_x86_64.whl", hash = "sha256:b746dba803a79238e925d9046a63aa26bf86ab2a2fe74ce6b009a1c3f5c8f2ae", size = 86168, upload-time = "2021-12-01T09:09:21.445Z" },
    { url = "https://files.pythonhosted.org/packages/74/f6/4a34a37a98311ed73bb80efe422fed95f2ac25a4cacc5ae1d7ae6a144505/argon2_cffi_bindings-21.2.0-cp36-abi3-manylinux_2_5_i686.manylinux1_i686.manylinux_2_17_i686.manylinux2014_i686.whl", hash = "sha256:58ed19212051f49a523abb1dbe954337dc82d947fb6e5a0da60f7c8471a8476c", size = 82709, upload-time = "2021-12-01T09:09:18.182Z" },
    { url = "https://files.pythonhosted.org/packages/74/2b/73d767bfdaab25484f7e7901379d5f8793cccbb86c6e0cbc4c1b96f63896/argon2_cffi_bindings-21.2.0-cp36-abi3-musllinux_1_1_aarch64.whl", hash = "sha256:bd46088725ef7f58b5a1ef7ca06647ebaf0eb4baff7d1d0d177c6cc8744abd86", size = 83613, upload-time = "2021-12-01T09:09:22.741Z" },
    { url = "https://files.pythonhosted.org/packages/4f/fd/37f86deef67ff57c76f137a67181949c2d408077e2e3dd70c6c42912c9bf/argon2_cffi_bindings-21.2.0-cp36-abi3-musllinux_1_1_i686.whl", hash = "sha256:8cd69c07dd875537a824deec19f978e0f2078fdda07fd5c42ac29668dda5f40f", size = 84583, upload-time = "2021-12-01T09:09:24.177Z" },
    { url = "https://files.pythonhosted.org/packages/6f/52/5a60085a3dae8fded8327a4f564223029f5f54b0cb0455a31131b5363a01/argon2_cffi_bindings-21.2.0-cp36-abi3-musllinux_1_1_x86_64.whl", hash = "sha256:f1152ac548bd5b8bcecfb0b0371f082037e47128653df2e8ba6e914d384f3c3e", size = 88475, upload-time = "2021-12-01T09:09:26.673Z" },
    { url = "https://files.pythonhosted.org/packages/8b/95/143cd64feb24a15fa4b189a3e1e7efbaeeb00f39a51e99b26fc62fbacabd/argon2_cffi_bindings-21.2.0-cp36-abi3-win32.whl", hash = "sha256:603ca0aba86b1349b147cab91ae970c63118a0f30444d4bc80355937c950c082", size = 27698, upload-time = "2021-12-01T09:09:27.87Z" },
    { url = "https://files.pythonhosted.org/packages/37/2c/e34e47c7dee97ba6f01a6203e0383e15b60fb85d78ac9a15cd066f6fe28b/argon2_cffi_bindings-21.2.0-cp36-abi3-win_amd64.whl", hash = "sha256:b2ef1c30440dbbcba7a5dc3e319408b59676e2e039e2ae11a8775ecf482b192f", size = 30817, upload-time = "2021-12-01T09:09:30.267Z" },
    { url = "https://files.pythonhosted.org/packages/5a/e4/bf8034d25edaa495da3c8a3405627d2e35758e44ff6eaa7948092646fdcc/argon2_cffi_bindings-21.2.0-cp38-abi3-macosx_10_9_universal2.whl", hash = "sha256:e415e3f62c8d124ee16018e491a009937f8cf7ebf5eb430ffc5de21b900dad93", size = 53104, upload-time = "2021-12-01T09:09:31.335Z" },
]

[[package]]
name = "bcrypt"
version = "4.2.0"
source = { registry = "https://pypi.org/simple" }
sdist = { url = "https://files.pythonhosted.org/packages/e4/7e/d95e7d96d4828e965891af92e43b52a4cd3395dc1c1ef4ee62748d0471d0/bcrypt-4.2.0.tar.gz", hash = "sha256:cf69eaf5185fd58f268f805b505ce31f9b9fc2d64b376642164e9244540c1221", size = 24294, upload-time = "2024-07-22T18:09:10.445Z" }
wheels = [
    { url = "https://files.pythonhosted.org/packages/a9/81/4e8f5bc0cd947e91fb720e1737371922854da47a94bc9630454e7b2845f8/bcrypt-4.2.0-cp37-abi3-macosx_10_12_universal2.whl", hash = "sha256:096a15d26ed6ce37a14c1ac1e48119660f21b24cba457f160a4b830f3fe6b5cb", size = 471568, upload-time = "2024-07-22T18:08:55.603Z" },
    { url = "https://files.pythonhosted.org/packages/05/d2/1be1e16aedec04bcf8d0156e01b987d16a2063d38e64c3f28030a3427d61/bcrypt-4.2.0-cp37-abi3-manylinux_2_17_aarch64.manylinux2014_aarch64.whl", hash = "sha256:c02d944ca89d9b1922ceb8a46460dd17df1ba37ab66feac4870f6862a1533c00", size = 277372, upload-time = "2024-07-22T18:08:51.446Z" },
    { url = "https://files.pythonhosted.org/packages/e3/96/7a654027638ad9b7589effb6db77eb63eba64319dfeaf9c0f4ca953e5f76/bcrypt-4.2.0-cp37-abi3-manylinux_2_17_x86_64.manylinux2014_x86_64.whl", hash = "sha256:1d84cf6d877918620b687b8fd1bf7781d11e8a0998f576c7aa939776b512b98d", size = 273488, upload-time = "2024-07-22T18:09:02.005Z" },
    { url = "https://files.pythonhosted.org/packages/46/54/dc7b58abeb4a3d95bab653405935e27ba32f21b812d8ff38f271fb6f7f55/bcrypt-4.2.0-cp37-abi3-manylinux_2_28_aarch64.whl", hash = "sha256:1bb429fedbe0249465cdd85a58e8376f31bb315e484f16e68ca4c786dcc04291", size = 277759, upload-time = "2024-07-22T18:08:50.017Z" },
    { url = "https://files.pythonhosted.org/packages/ac/be/da233c5f11fce3f8adec05e8e532b299b64833cc962f49331cdd0e614fa9/bcrypt-4.2.0-cp37-abi3-manylinux_2_28_x86_64.whl", hash = "sha256:655ea221910bcac76ea08aaa76df427ef8625f92e55a8ee44fbf7753dbabb328", size = 273796, upload-time = "2024-07-22T18:09:07.605Z" },
    { url = "https://files.pythonhosted.org/packages/b0/b8/8b4add88d55a263cf1c6b8cf66c735280954a04223fcd2880120cc767ac3/bcrypt-4.2.0-cp37-abi3-musllinux_1_1_aarch64.whl", hash = "sha256:1ee38e858bf5d0287c39b7a1fc59eec64bbf880c7d504d3a06a96c16e14058e7", size = 311082, upload-time = "2024-07-22T18:08:35.765Z" },
    { url = "https://files.pythonhosted.org/packages/7b/76/2aa660679abbdc7f8ee961552e4bb6415a81b303e55e9374533f22770203/bcrypt-4.2.0-cp37-abi3-musllinux_1_1_x86_64.whl", hash = "sha256:0da52759f7f30e83f1e30a888d9163a81353ef224d82dc58eb5bb52efcabc399", size = 305912, upload-time = "2024-07-22T18:08:40.049Z" },
    { url = "https://files.pythonhosted.org/packages/00/03/2af7c45034aba6002d4f2b728c1a385676b4eab7d764410e34fd768009f2/bcrypt-4.2.0-cp37-abi3-musllinux_1_2_aarch64.whl", hash = "sha256:3698393a1b1f1fd5714524193849d0c6d524d33523acca37cd28f02899285060", size = 325185, upload-time = "2024-07-22T18:08:41.833Z" },
    { url = "https://files.pythonhosted.org/packages/dc/5d/6843443ce4ab3af40bddb6c7c085ed4a8418b3396f7a17e60e6d9888416c/bcrypt-4.2.0-cp37-abi3-musllinux_1_2_x86_64.whl", hash = "sha256:762a2c5fb35f89606a9fde5e51392dad0cd1ab7ae64149a8b935fe8d79dd5ed7", size = 335188, upload-time = "2024-07-22T18:08:29.25Z" },
    { url = "https://files.pythonhosted.org/packages/cb/4c/ff8ca83d816052fba36def1d24e97d9a85739b9bbf428c0d0ecd296a07c8/bcrypt-4.2.0-cp37-abi3-win32.whl", hash = "sha256:5a1e8aa9b28ae28020a3ac4b053117fb51c57a010b9f969603ed885f23841458", size = 156481, upload-time = "2024-07-22T18:09:00.303Z" },
    { url = "https://files.pythonhosted.org/packages/65/f1/e09626c88a56cda488810fb29d5035f1662873777ed337880856b9d204ae/bcrypt-4.2.0-cp37-abi3-win_amd64.whl", hash = "sha256:8f6ede91359e5df88d1f5c1ef47428a4420136f3ce97763e31b86dd8280fbdf5", size = 151336, upload-time = "2024-07-22T18:08:48.473Z" },
    { url = "https://files.pythonhosted.org/packages/96/86/8c6a84daed4dd878fbab094400c9174c43d9b838ace077a2f8ee8bc3ae12/bcrypt-4.2.0-cp39-abi3-macosx_10_12_universal2.whl", hash = "sha256:c52aac18ea1f4a4f65963ea4f9530c306b56ccd0c6f8c8da0c06976e34a6e841", size = 472414, upload-time = "2024-07-22T18:08:32.176Z" },
    { url = "https://files.pythonhosted.org/packages/f6/05/e394515f4e23c17662e5aeb4d1859b11dc651be01a3bd03c2e919a155901/bcrypt-4.2.0-cp39-abi3-manylinux_2_17_aarch64.manylinux2014_aarch64.whl", hash = "sha256:3bbbfb2734f0e4f37c5136130405332640a1e46e6b23e000eeff2ba8d005da68", size = 277599, upload-time = "2024-07-22T18:08:53.974Z" },
    { url = "https://files.pythonhosted.org/packages/4b/3b/ad784eac415937c53da48983756105d267b91e56aa53ba8a1b2014b8d930/bcrypt-4.2.0-cp39-abi3-manylinux_2_17_x86_64.manylinux2014_x86_64.whl", hash = "sha256:3413bd60460f76097ee2e0a493ccebe4a7601918219c02f503984f0a7ee0aebe", size = 273491, upload-time = "2024-07-22T18:08:45.231Z" },
    { url = "https://files.pythonhosted.org/packages/cc/14/b9ff8e0218bee95e517b70e91130effb4511e8827ac1ab00b4e30943a3f6/bcrypt-4.2.0-cp39-abi3-manylinux_2_28_aarch64.whl", hash = "sha256:8d7bb9c42801035e61c109c345a28ed7e84426ae4865511eb82e913df18f58c2", size = 277934, upload-time = "2024-07-22T18:09:09.189Z" },
    { url = "https://files.pythonhosted.org/packages/3e/d0/31938bb697600a04864246acde4918c4190a938f891fd11883eaaf41327a/bcrypt-4.2.0-cp39-abi3-manylinux_2_28_x86_64.whl", hash = "sha256:3d3a6d28cb2305b43feac298774b997e372e56c7c7afd90a12b3dc49b189151c", size = 273804, upload-time = "2024-07-22T18:09:04.618Z" },
    { url = "https://files.pythonhosted.org/packages/e7/c3/dae866739989e3f04ae304e1201932571708cb292a28b2f1b93283e2dcd8/bcrypt-4.2.0-cp39-abi3-musllinux_1_1_aarch64.whl", hash = "sha256:9c1c4ad86351339c5f320ca372dfba6cb6beb25e8efc659bedd918d921956bae", size = 311275, upload-time = "2024-07-22T18:08:43.317Z" },
    { url = "https://files.pythonhosted.org/packages/5d/2c/019bc2c63c6125ddf0483ee7d914a405860327767d437913942b476e9c9b/bcrypt-4.2.0-cp39-abi3-musllinux_1_1_x86_64.whl", hash = "sha256:27fe0f57bb5573104b5a6de5e4153c60814c711b29364c10a75a54bb6d7ff48d", size = 306355, upload-time = "2024-07-22T18:09:06.053Z" },
    { url = "https://files.pythonhosted.org/packages/75/fe/9e137727f122bbe29771d56afbf4e0dbc85968caa8957806f86404a5bfe1/bcrypt-4.2.0-cp39-abi3-musllinux_1_2_aarch64.whl", hash = "sha256:8ac68872c82f1add6a20bd489870c71b00ebacd2e9134a8aa3f98a0052ab4b0e", size = 325381, upload-time = "2024-07-22T18:08:33.904Z" },
    { url = "https://files.pythonhosted.org/packages/1a/d4/586b9c18a327561ea4cd336ff4586cca1a7aa0f5ee04e23a8a8bb9ca64f1/bcrypt-4.2.0-cp39-abi3-musllinux_1_2_x86_64.whl", hash = "sha256:cb2a8ec2bc07d3553ccebf0746bbf3d19426d1c6d1adbd4fa48925f66af7b9e8", size = 335685, upload-time = "2024-07-22T18:08:56.897Z" },
    { url = "https://files.pythonhosted.org/packages/24/55/1a7127faf4576138bb278b91e9c75307490178979d69c8e6e273f74b974f/bcrypt-4.2.0-cp39-abi3-win32.whl", hash = "sha256:77800b7147c9dc905db1cba26abe31e504d8247ac73580b4aa179f98e6608f34", size = 155857, upload-time = "2024-07-22T18:08:30.827Z" },
    { url = "https://files.pythonhosted.org/packages/1c/2a/c74052e54162ec639266d91539cca7cbf3d1d3b8b36afbfeaee0ea6a1702/bcrypt-4.2.0-cp39-abi3-win_amd64.whl", hash = "sha256:61ed14326ee023917ecd093ee6ef422a72f3aec6f07e21ea5f10622b735538a9", size = 151717, upload-time = "2024-07-22T18:08:52.781Z" },
]

[[package]]
name = "cffi"
version = "1.17.1"
source = { registry = "https://pypi.org/simple" }
dependencies = [
    { name = "pycparser" },
]
sdist = { url = "https://files.pythonhosted.org/packages/fc/97/c783634659c2920c3fc70419e3af40972dbaf758daa229a7d6ea6135c90d/cffi-1.17.1.tar.gz", hash = "sha256:1c39c6016c32bc48dd54561950ebd6836e1670f2ae46128f67cf49e789c52824", size = 516621, upload-time = "2024-09-04T20:45:21.852Z" }
wheels = [
    { url = "https://files.pythonhosted.org/packages/8d/f8/dd6c246b148639254dad4d6803eb6a54e8c85c6e11ec9df2cffa87571dbe/cffi-1.17.1-cp313-cp313-macosx_10_13_x86_64.whl", hash = "sha256:f3a2b4222ce6b60e2e8b337bb9596923045681d71e5a082783484d845390938e", size = 182989, upload-time = "2024-09-04T20:44:28.956Z" },
    { url = "https://files.pythonhosted.org/packages/8b/f1/672d303ddf17c24fc83afd712316fda78dc6fce1cd53011b839483e1ecc8/cffi-1.17.1-cp313-cp313-macosx_11_0_arm64.whl", hash = "sha256:0984a4925a435b1da406122d4d7968dd861c1385afe3b45ba82b750f229811e2", size = 178802, upload-time = "2024-09-04T20:44:30.289Z" },
    { url = "https://files.pythonhosted.org/packages/0e/2d/eab2e858a91fdff70533cab61dcff4a1f55ec60425832ddfdc9cd36bc8af/cffi-1.17.1-cp313-cp313-manylinux_2_12_i686.manylinux2010_i686.manylinux_2_17_i686.manylinux2014_i686.whl", hash = "sha256:d01b12eeeb4427d3110de311e1774046ad344f5b1a7403101878976ecd7a10f3", size = 454792, upload-time = "2024-09-04T20:44:32.01Z" },
    { url = "https://files.pythonhosted.org/packages/75/b2/fbaec7c4455c604e29388d55599b99ebcc250a60050610fadde58932b7ee/cffi-1.17.1-cp313-cp313-manylinux_2_17_aarch64.manylinux2014_aarch64.whl", hash = "sha256:706510fe141c86a69c8ddc029c7910003a17353970cff3b904ff0686a5927683", size = 478893, upload-time = "2024-09-04T20:44:33.606Z" },
    { url = "https://files.pythonhosted.org/packages/4f/b7/6e4a2162178bf1935c336d4da8a9352cccab4d3a5d7914065490f08c0690/cffi-1.17.1-cp313-cp313-manylinux_2_17_ppc64le.manylinux2014_ppc64le.whl", hash = "sha256:de55b766c7aa2e2a3092c51e0483d700341182f08e67c63630d5b6f200bb28e5", size = 485810, upload-time = "2024-09-04T20:44:35.191Z" },
    { url = "https://files.pythonhosted.org/packages/c7/8a/1d0e4a9c26e54746dc08c2c6c037889124d4f59dffd853a659fa545f1b40/cffi-1.17.1-cp313-cp313-manylinux_2_17_s390x.manylinux2014_s390x.whl", hash = "sha256:c59d6e989d07460165cc5ad3c61f9fd8f1b4796eacbd81cee78957842b834af4", size = 471200, upload-time = "2024-09-04T20:44:36.743Z" },
    { url = "https://files.pythonhosted.org/packages/26/9f/1aab65a6c0db35f43c4d1b4f580e8df53914310afc10ae0397d29d697af4/cffi-1.17.1-cp313-cp313-manylinux_2_17_x86_64.manylinux2014_x86_64.whl", hash = "sha256:dd398dbc6773384a17fe0d3e7eeb8d1a21c2200473ee6806bb5e6a8e62bb73dd", size = 479447, upload-time = "2024-09-04T20:44:38.492Z" },
    { url = "https://files.pythonhosted.org/packages/5f/e4/fb8b3dd8dc0e98edf1135ff067ae070bb32ef9d509d6cb0f538cd6f7483f/cffi-1.17.1-cp313-cp313-musllinux_1_1_aarch64.whl", hash = "sha256:3edc8d958eb099c634dace3c7e16560ae474aa3803a5df240542b305d14e14ed", size = 484358, upload-time = "2024-09-04T20:44:40.046Z" },
    { url = "https://files.pythonhosted.org/packages/f1/47/d7145bf2dc04684935d57d67dff9d6d795b2ba2796806bb109864be3a151/cffi-1.17.1-cp313-cp313-musllinux_1_1_x86_64.whl", hash = "sha256:72e72408cad3d5419375fc87d289076ee319835bdfa2caad331e377589aebba9", size = 488469, upload-time = "2024-09-04T20:44:41.616Z" },
    { url = "https://files.pythonhosted.org/packages/bf/ee/f94057fa6426481d663b88637a9a10e859e492c73d0384514a17d78ee205/cffi-1.17.1-cp313-cp313-win32.whl", hash = "sha256:e03eab0a8677fa80d646b5ddece1cbeaf556c313dcfac435ba11f107ba117b5d", size = 172475, upload-time = "2024-09-04T20:44:43.733Z" },
    { url = "https://files.pythonhosted.org/packages/7c/fc/6a8cb64e5f0324877d503c854da15d76c1e50eb722e320b15345c4d0c6de/cffi-1.17.1-cp313-cp313-win_amd64.whl", hash = "sha256:f6a16c31041f09ead72d69f583767292f750d24913dadacf5756b966aacb3f1a", size = 182009, upload-time = "2024-09-04T20:44:45.309Z" },
]

[[package]]
name = "colorama"
version = "0.4.6"
source = { registry = "https://pypi.org/simple" }
sdist = { url = "https://files.pythonhosted.org/packages/d8/53/6f443c9a4a8358a93a6792e2acffb9d9d5cb0a5cfd8802644b7b1c9a02e4/colorama-0.4.6.tar.gz", hash = "sha256:08695f5cb7ed6e0531a20572697297273c47b8cae5a63ffc6d6ed5c201be6e44", size = 27697, upload-time = "2022-10-25T02:36:22.414Z" }
wheels = [
    { url = "https://files.pythonhosted.org/packages/d1/d6/3965ed04c63042e047cb6a3e6ed1a63a35087b6a609aa3a15ed8ac56c221/colorama-0.4.6-py2.py3-none-any.whl", hash = "sha256:4f1d9991f5acc0ca119f9d443620b77f9d6b33703e51011c16baf57afb285fc6", size = 25335, upload-time = "2022-10-25T02:36:20.889Z" },
]

[[package]]
name = "cryptography"
version = "43.0.3"
source = { registry = "https://pypi.org/simple" }
dependencies = [
    { name = "cffi", marker = "platform_python_implementation != 'PyPy'" },
]
sdist = { url = "https://files.pythonhosted.org/packages/0d/05/07b55d1fa21ac18c3a8c79f764e2514e6f6a9698f1be44994f5adf0d29db/cryptography-43.0.3.tar.gz", hash = "sha256:315b9001266a492a6ff443b61238f956b214dbec9910a081ba5b6646a055a805", size = 686989, upload-time = "2024-10-18T15:58:32.918Z" }
wheels = [
    { url = "https://files.pythonhosted.org/packages/1f/f3/01fdf26701a26f4b4dbc337a26883ad5bccaa6f1bbbdd29cd89e22f18a1c/cryptography-43.0.3-cp37-abi3-macosx_10_9_universal2.whl", hash = "sha256:bf7a1932ac4176486eab36a19ed4c0492da5d97123f1406cf15e41b05e787d2e", size = 6225303, upload-time = "2024-10-18T15:57:36.753Z" },
    { url = "https://files.pythonhosted.org/packages/a3/01/4896f3d1b392025d4fcbecf40fdea92d3df8662123f6835d0af828d148fd/cryptography-43.0.3-cp37-abi3-manylinux_2_17_aarch64.manylinux2014_aarch64.whl", hash = "sha256:63efa177ff54aec6e1c0aefaa1a241232dcd37413835a9b674b6e3f0ae2bfd3e", size = 3760905, upload-time = "2024-10-18T15:57:39.166Z" },
    { url = "https://files.pythonhosted.org/packages/0a/be/f9a1f673f0ed4b7f6c643164e513dbad28dd4f2dcdf5715004f172ef24b6/cryptography-43.0.3-cp37-abi3-manylinux_2_17_x86_64.manylinux2014_x86_64.whl", hash = "sha256:7e1ce50266f4f70bf41a2c6dc4358afadae90e2a1e5342d3c08883df1675374f", size = 3977271, upload-time = "2024-10-18T15:57:41.227Z" },
    { url = "https://files.pythonhosted.org/packages/4e/49/80c3a7b5514d1b416d7350830e8c422a4d667b6d9b16a9392ebfd4a5388a/cryptography-43.0.3-cp37-abi3-manylinux_2_28_aarch64.whl", hash = "sha256:443c4a81bb10daed9a8f334365fe52542771f25aedaf889fd323a853ce7377d6", size = 3746606, upload-time = "2024-10-18T15:57:42.903Z" },
    { url = "https://files.pythonhosted.org/packages/0e/16/a28ddf78ac6e7e3f25ebcef69ab15c2c6be5ff9743dd0709a69a4f968472/cryptography-43.0.3-cp37-abi3-manylinux_2_28_x86_64.whl", hash = "sha256:74f57f24754fe349223792466a709f8e0c093205ff0dca557af51072ff47ab18", size = 3986484, upload-time = "2024-10-18T15:57:45.434Z" },
    { url = "https://files.pythonhosted.org/packages/01/f5/69ae8da70c19864a32b0315049866c4d411cce423ec169993d0434218762/cryptography-43.0.3-cp37-abi3-musllinux_1_2_aarch64.whl", hash = "sha256:9762ea51a8fc2a88b70cf2995e5675b38d93bf36bd67d91721c309df184f49bd", size = 3852131, upload-time = "2024-10-18T15:57:47.267Z" },
    { url = "https://files.pythonhosted.org/packages/fd/db/e74911d95c040f9afd3612b1f732e52b3e517cb80de8bf183be0b7d413c6/cryptography-43.0.3-cp37-abi3-musllinux_1_2_x86_64.whl", hash = "sha256:81ef806b1fef6b06dcebad789f988d3b37ccaee225695cf3e07648eee0fc6b73", size = 4075647, upload-time = "2024-10-18T15:57:49.684Z" },
    { url = "https://files.pythonhosted.org/packages/56/48/7b6b190f1462818b324e674fa20d1d5ef3e24f2328675b9b16189cbf0b3c/cryptography-43.0.3-cp37-abi3-win32.whl", hash = "sha256:cbeb489927bd7af4aa98d4b261af9a5bc025bd87f0e3547e11584be9e9427be2", size = 2623873, upload-time = "2024-10-18T15:57:51.822Z" },
    { url = "https://files.pythonhosted.org/packages/eb/b1/0ebff61a004f7f89e7b65ca95f2f2375679d43d0290672f7713ee3162aff/cryptography-43.0.3-cp37-abi3-win_amd64.whl", hash = "sha256:f46304d6f0c6ab8e52770addfa2fc41e6629495548862279641972b6215451cd", size = 3068039, upload-time = "2024-10-18T15:57:54.426Z" },
    { url = "https://files.pythonhosted.org/packages/30/d5/c8b32c047e2e81dd172138f772e81d852c51f0f2ad2ae8a24f1122e9e9a7/cryptography-43.0.3-cp39-abi3-macosx_10_9_universal2.whl", hash = "sha256:8ac43ae87929a5982f5948ceda07001ee5e83227fd69cf55b109144938d96984", size = 6222984, upload-time = "2024-10-18T15:57:56.174Z" },
    { url = "https://files.pythonhosted.org/packages/2f/78/55356eb9075d0be6e81b59f45c7b48df87f76a20e73893872170471f3ee8/cryptography-43.0.3-cp39-abi3-manylinux_2_17_aarch64.manylinux2014_aarch64.whl", hash = "sha256:846da004a5804145a5f441b8530b4bf35afbf7da70f82409f151695b127213d5", size = 3762968, upload-time = "2024-10-18T15:57:58.206Z" },
    { url = "https://files.pythonhosted.org/packages/2a/2c/488776a3dc843f95f86d2f957ca0fc3407d0242b50bede7fad1e339be03f/cryptography-43.0.3-cp39-abi3-manylinux_2_17_x86_64.manylinux2014_x86_64.whl", hash = "sha256:0f996e7268af62598f2fc1204afa98a3b5712313a55c4c9d434aef49cadc91d4", size = 3977754, upload-time = "2024-10-18T15:58:00.683Z" },
    { url = "https://files.pythonhosted.org/packages/7c/04/2345ca92f7a22f601a9c62961741ef7dd0127c39f7310dffa0041c80f16f/cryptography-43.0.3-cp39-abi3-manylinux_2_28_aarch64.whl", hash = "sha256:f7b178f11ed3664fd0e995a47ed2b5ff0a12d893e41dd0494f406d1cf555cab7", size = 3749458, upload-time = "2024-10-18T15:58:02.225Z" },
    { url = "https://files.pythonhosted.org/packages/ac/25/e715fa0bc24ac2114ed69da33adf451a38abb6f3f24ec207908112e9ba53/cryptography-43.0.3-cp39-abi3-manylinux_2_28_x86_64.whl", hash = "sha256:c2e6fc39c4ab499049df3bdf567f768a723a5e8464816e8f009f121a5a9f4405", size = 3988220, upload-time = "2024-10-18T15:58:04.331Z" },
    { url = "https://files.pythonhosted.org/packages/21/ce/b9c9ff56c7164d8e2edfb6c9305045fbc0df4508ccfdb13ee66eb8c95b0e/cryptography-43.0.3-cp39-abi3-musllinux_1_2_aarch64.whl", hash = "sha256:e1be4655c7ef6e1bbe6b5d0403526601323420bcf414598955968c9ef3eb7d16", size = 3853898, upload-time = "2024-10-18T15:58:06.113Z" },
    { url = "https://files.pythonhosted.org/packages/2a/33/b3682992ab2e9476b9c81fff22f02c8b0a1e6e1d49ee1750a67d85fd7ed2/cryptography-43.0.3-cp39-abi3-musllinux_1_2_x86_64.whl", hash = "sha256:df6b6c6d742395dd77a23ea3728ab62f98379eff8fb61be2744d4679ab678f73", size = 4076592, upload-time = "2024-10-18T15:58:08.673Z" },
    { url = "https://files.pythonhosted.org/packages/81/1e/ffcc41b3cebd64ca90b28fd58141c5f68c83d48563c88333ab660e002cd3/cryptography-43.0.3-cp39-abi3-win32.whl", hash = "sha256:d56e96520b1020449bbace2b78b603442e7e378a9b3bd68de65c782db1507995", size = 2623145, upload-time = "2024-10-18T15:58:10.264Z" },
    { url = "https://files.pythonhosted.org/packages/87/5c/3dab83cc4aba1f4b0e733e3f0c3e7d4386440d660ba5b1e3ff995feb734d/cryptography-43.0.3-cp39-abi3-win_amd64.whl", hash = "sha256:0c580952eef9bf68c4747774cde7ec1d85a6e61de97281f2dba83c7d2c806362", size = 3068026, upload-time = "2024-10-18T15:58:11.916Z" },
]

[[package]]
name = "git-filter-repo"
version = "2.45.0"
source = { registry = "https://pypi.org/simple" }
sdist = { url = "https://files.pythonhosted.org/packages/61/17/4077f08f2ebc4356181780dee50a8c3b9d1a1a0f1638b5d4afae41781148/git_filter_repo-2.45.0.tar.gz", hash = "sha256:2fa80ff8da54382a6e189bc1522dc986ee7a52abcbe9e28192f73c0f6c8b5ea9", size = 226310, upload-time = "2024-07-18T05:00:25.494Z" }
wheels = [
    { url = "https://files.pythonhosted.org/packages/07/2f/949068bc92fbfe632c966b2c19e7979602752477bb729304572785c23c76/git_filter_repo-2.45.0-py3-none-any.whl", hash = "sha256:63cd3208b92309e473e3d69e90195b445751d34be16880f6ffd5998c846bdefd", size = 64374, upload-time = "2024-07-18T05:00:23.488Z" },
]

[[package]]
name = "kracker-barrel"
version = "0.1.0"
source = { virtual = "." }
dependencies = [
    { name = "argon2-cffi" },
    { name = "argon2-cffi-bindings" },
    { name = "bcrypt" },
    { name = "cffi" },
    { name = "cryptography" },
    { name = "git-filter-repo" },
    { name = "passlib" },
    { name = "pycparser" },
    { name = "pycryptodome" },
    { name = "scrypt" },
    { name = "tdqm" },
    { name = "tqdm" },
]

[package.metadata]
requires-dist = [
    { name = "argon2-cffi", specifier = "==23.1.0" },
    { name = "argon2-cffi-bindings", specifier = "==21.2.0" },
    { name = "bcrypt", specifier = "==4.2.0" },
    { name = "cffi", specifier = "==1.17.1" },
    { name = "cryptography", specifier = "==43.0.3" },
    { name = "git-filter-repo", specifier = "==2.45.0" },
    { name = "passlib", specifier = "==1.7.4" },
    { name = "pycparser", specifier = "==2.22" },
    { name = "pycryptodome", specifier = "==3.21.0" },
    { name = "scrypt", specifier = "==0.8.27" },
    { name = "tdqm", specifier = "==0.0.1" },
    { name = "tqdm", specifier = "==4.67.0" },
]

[[package]]
name = "passlib"
version = "1.7.4"
source = { registry = "https://pypi.org/simple" }
sdist = { url = "https://files.pythonhosted.org/packages/b6/06/9da9ee59a67fae7761aab3ccc84fa4f3f33f125b370f1ccdb915bf967c11/passlib-1.7.4.tar.gz", hash = "sha256:defd50f72b65c5402ab2c573830a6978e5f202ad0d984793c8dde2c4152ebe04", size = 689844, upload-time = "2020-10-08T19:00:52.121Z" }
wheels = [
    { url = "https://files.pythonhosted.org/packages/3b/a4/ab6b7589382ca3df236e03faa71deac88cae040af60c071a78d254a62172/passlib-1.7.4-py2.py3-none-any.whl", hash = "sha256:aa6bca462b8d8bda89c70b382f0c298a20b5560af6cbfa2dce410c0a2fb669f1", size = 525554, upload-time = "2020-10-08T19:00:49.856Z" },
]

[[package]]
name = "pycparser"
version = "2.22"
source = { registry = "https://pypi.org/simple" }
sdist = { url = "https://files.pythonhosted.org/packages/1d/b2/31537cf4b1ca988837256c910a668b553fceb8f069bedc4b1c826024b52c/pycparser-2.22.tar.gz", hash = "sha256:491c8be9c040f5390f5bf44a5b07752bd07f56edf992381b05c701439eec10f6", size = 172736, upload-time = "2024-03-30T13:22:22.564Z" }
wheels = [
    { url = "https://files.pythonhosted.org/packages/13/a3/a812df4e2dd5696d1f351d58b8fe16a405b234ad2886a0dab9183fb78109/pycparser-2.22-py3-none-any.whl", hash = "sha256:c3702b6d3dd8c7abc1afa565d7e63d53a1d0bd86cdc24edd75470f4de499cfcc", size = 117552, upload-time = "2024-03-30T13:22:20.476Z" },
]

[[package]]
name = "pycryptodome"
version = "3.21.0"
source = { registry = "https://pypi.org/simple" }
sdist = { url = "https://files.pythonhosted.org/packages/13/52/13b9db4a913eee948152a079fe58d035bd3d1a519584155da8e786f767e6/pycryptodome-3.21.0.tar.gz", hash = "sha256:f7787e0d469bdae763b876174cf2e6c0f7be79808af26b1da96f1a64bcf47297", size = 4818071, upload-time = "2024-10-02T10:23:18.339Z" }
wheels = [
    { url = "https://files.pythonhosted.org/packages/a7/88/5e83de10450027c96c79dc65ac45e9d0d7a7fef334f39d3789a191f33602/pycryptodome-3.21.0-cp36-abi3-macosx_10_9_universal2.whl", hash = "sha256:2480ec2c72438430da9f601ebc12c518c093c13111a5c1644c82cdfc2e50b1e4", size = 2495937, upload-time = "2024-10-02T10:22:29.156Z" },
    { url = "https://files.pythonhosted.org/packages/66/e1/8f28cd8cf7f7563319819d1e172879ccce2333781ae38da61c28fe22d6ff/pycryptodome-3.21.0-cp36-abi3-macosx_10_9_x86_64.whl", hash = "sha256:de18954104667f565e2fbb4783b56667f30fb49c4d79b346f52a29cb198d5b6b", size = 1634629, upload-time = "2024-10-02T10:22:31.82Z" },
    { url = "https://files.pythonhosted.org/packages/6a/c1/f75a1aaff0c20c11df8dc8e2bf8057e7f73296af7dfd8cbb40077d1c930d/pycryptodome-3.21.0-cp36-abi3-manylinux_2_17_aarch64.manylinux2014_aarch64.whl", hash = "sha256:2de4b7263a33947ff440412339cb72b28a5a4c769b5c1ca19e33dd6cd1dcec6e", size = 2168708, upload-time = "2024-10-02T10:22:34.5Z" },
    { url = "https://files.pythonhosted.org/packages/ea/66/6f2b7ddb457b19f73b82053ecc83ba768680609d56dd457dbc7e902c41aa/pycryptodome-3.21.0-cp36-abi3-manylinux_2_17_x86_64.manylinux2014_x86_64.whl", hash = "sha256:0714206d467fc911042d01ea3a1847c847bc10884cf674c82e12915cfe1649f8", size = 2254555, upload-time = "2024-10-02T10:22:37.259Z" },
    { url = "https://files.pythonhosted.org/packages/2c/2b/152c330732a887a86cbf591ed69bd1b489439b5464806adb270f169ec139/pycryptodome-3.21.0-cp36-abi3-manylinux_2_5_i686.manylinux1_i686.manylinux_2_17_i686.manylinux2014_i686.whl", hash = "sha256:7d85c1b613121ed3dbaa5a97369b3b757909531a959d229406a75b912dd51dd1", size = 2294143, upload-time = "2024-10-02T10:22:39.909Z" },
    { url = "https://files.pythonhosted.org/packages/55/92/517c5c498c2980c1b6d6b9965dffbe31f3cd7f20f40d00ec4069559c5902/pycryptodome-3.21.0-cp36-abi3-musllinux_1_1_aarch64.whl", hash = "sha256:8898a66425a57bcf15e25fc19c12490b87bd939800f39a03ea2de2aea5e3611a", size = 2160509, upload-time = "2024-10-02T10:22:42.165Z" },
    { url = "https://files.pythonhosted.org/packages/39/1f/c74288f54d80a20a78da87df1818c6464ac1041d10988bb7d982c4153fbc/pycryptodome-3.21.0-cp36-abi3-musllinux_1_2_i686.whl", hash = "sha256:932c905b71a56474bff8a9c014030bc3c882cee696b448af920399f730a650c2", size = 2329480, upload-time = "2024-10-02T10:22:44.482Z" },
    { url = "https://files.pythonhosted.org/packages/39/1b/d0b013bf7d1af7cf0a6a4fce13f5fe5813ab225313755367b36e714a63f8/pycryptodome-3.21.0-cp36-abi3-musllinux_1_2_x86_64.whl", hash = "sha256:18caa8cfbc676eaaf28613637a89980ad2fd96e00c564135bf90bc3f0b34dd93", size = 2254397, upload-time = "2024-10-02T10:22:46.875Z" },
    { url = "https://files.pythonhosted.org/packages/14/71/4cbd3870d3e926c34706f705d6793159ac49d9a213e3ababcdade5864663/pycryptodome-3.21.0-cp36-abi3-win32.whl", hash = "sha256:280b67d20e33bb63171d55b1067f61fbd932e0b1ad976b3a184303a3dad22764", size = 1775641, upload-time = "2024-10-02T10:22:48.703Z" },
    { url = "https://files.pythonhosted.org/packages/43/1d/81d59d228381576b92ecede5cd7239762c14001a828bdba30d64896e9778/pycryptodome-3.21.0-cp36-abi3-win_amd64.whl", hash = "sha256:b7aa25fc0baa5b1d95b7633af4f5f1838467f1815442b22487426f94e0d66c53", size = 1812863, upload-time = "2024-10-02T10:22:50.548Z" },
]

[[package]]
name = "scrypt"
version = "0.8.27"
source = { registry = "https://pypi.org/simple" }
sdist = { url = "https://files.pythonhosted.org/packages/0f/ad/496eca399cf3ceaa4b2c9b238a7630efcddb5a81eacaba926af805a6fbb3/scrypt-0.8.27.tar.gz", hash = "sha256:a7b637848ed518c1ea2b31a9ecaaa3f49616598d8442de8706cf1f01fbabf0a7", size = 55650, upload-time = "2024-10-11T19:30:24.954Z" }
wheels = [
    { url = "https://files.pythonhosted.org/packages/13/1c/458bec78065fdcffd586b1d2758c50fb8c06b044bf6120baab1c9b18261e/scrypt-0.8.27-cp313-cp313-macosx_14_0_arm64.whl", hash = "sha256:d79a7371bc9f00325576e00b14740c4c1bde038b284b9ad780ff19006ce049c2", size = 2281845, upload-time = "2025-08-02T09:35:54.904Z" },
    { url = "https://files.pythonhosted.org/packages/e7/0e/2d87b58fd50c863719bc190d7a7d69085ca361e0044542ed393a1fe2b3bb/scrypt-0.8.27-cp313-cp313-manylinux2014_aarch64.manylinux_2_17_aarch64.manylinux_2_28_aarch64.whl", hash = "sha256:967b6bb0cb07b119b0a050041aa20c559219d63d94303b068f52dce8821ca979", size = 1410106, upload-time = "2025-08-02T09:36:21.854Z" },
    { url = "https://files.pythonhosted.org/packages/3d/62/6df603a6bca56f270971dcd68ac4e588b4aef3c5997d2decfe0be840aaa9/scrypt-0.8.27-cp313-cp313-manylinux_2_17_aarch64.manylinux2014_aarch64.whl", hash = "sha256:1a55405ead36250ab5a49cc3b3037ccce01eb345a524f66962530ea2e2cf9c54", size = 960009, upload-time = "2024-10-11T19:32:21.19Z" },
    { url = "https://files.pythonhosted.org/packages/8b/22/58e4b1b8f929e2ca20f30bfbf287dc11d6355939799478f5aa5d1f086dab/scrypt-0.8.27-cp313-cp313-manylinux_2_17_i686.manylinux2014_i686.whl", hash = "sha256:9d0f2ca6117f17cc9f999842a2045877fc938d1819be416504358f83e9c88ab1", size = 945331, upload-time = "2024-10-11T19:43:03.103Z" },
    { url = "https://files.pythonhosted.org/packages/e3/ba/7cb4d1988b7f575760705817b2f130e8f5361952c441713a0cf98d3e5420/scrypt-0.8.27-cp313-cp313-manylinux_2_17_x86_64.manylinux2014_x86_64.whl", hash = "sha256:3a81967724f5d8fb41b9b55fd23e67e6a849bef461af5cb0bc2cdd8476762f48", size = 1194719, upload-time = "2024-10-11T19:43:05.101Z" },
    { url = "https://files.pythonhosted.org/packages/74/69/87d4d4a50354e4e55df76f1189bebc5289005939cf456573a2d46b3d073d/scrypt-0.8.27-cp313-cp313-musllinux_1_2_i686.whl", hash = "sha256:cc31c3c7d7aa14b95d29b3720d2a0fcf26214f60c00e9e5efe5fed6a782a6b24", size = 1585208, upload-time = "2024-10-11T19:43:07.308Z" },
    { url = "https://files.pythonhosted.org/packages/45/5b/e0befea422345eb5b15cb75ad756b6529ad03e433eda1c92c8dd1a41938a/scrypt-0.8.27-cp313-cp313-musllinux_1_2_x86_64.whl", hash = "sha256:6fa596f16c7b93af70764ffe19e5686848b03f2eeb91f197fd85608ede1a7ce4", size = 1755996, upload-time = "2024-10-11T19:43:08.867Z" },
    { url = "https://files.pythonhosted.org/packages/74/e4/4b4df747d6d60f99c33279d6c03819710a844223743240300a2e06b07b67/scrypt-0.8.27-cp314-cp314-macosx_14_0_arm64.whl", hash = "sha256:ed9d910b20dbd65279ee0167c79ee2c3d0cecab6943d5315d7a6f272ca03e75d", size = 2281844, upload-time = "2025-08-02T09:35:56.388Z" },
    { url = "https://files.pythonhosted.org/packages/c7/99/052fcabd25d22a4260c51962b9245befea55824bf116394eed82f72594e2/scrypt-0.8.27-cp314-cp314t-macosx_14_0_arm64.whl", hash = "sha256:b7132c71e7cab5e7b0117ee73dc9b7a40a46bd61990d9a4b6882fbbac8a1f10f", size = 2281851, upload-time = "2025-08-02T09:35:57.463Z" },
]

[[package]]
name = "tdqm"
version = "0.0.1"
source = { registry = "https://pypi.org/simple" }
dependencies = [
    { name = "tqdm" },
]
sdist = { url = "https://files.pythonhosted.org/packages/5a/38/58c9e22b95e98666fe29f35e217ab6126a03798dadf3f4f8f3e5f898510b/tdqm-0.0.1.tar.gz", hash = "sha256:f050004a76b1d22f70b78209b48781353c82440215b6ba7d22b1f499b05a0101", size = 1388, upload-time = "2020-08-19T20:16:22.191Z" }

[[package]]
name = "tqdm"
version = "4.67.0"
source = { registry = "https://pypi.org/simple" }
dependencies = [
    { name = "colorama", marker = "sys_platform == 'win32'" },
]
sdist = { url = "https://files.pythonhosted.org/packages/e8/4f/0153c21dc5779a49a0598c445b1978126b1344bab9ee71e53e44877e14e0/tqdm-4.67.0.tar.gz", hash = "sha256:fe5a6f95e6fe0b9755e9469b77b9c3cf850048224ecaa8293d7d2d31f97d869a", size = 169739, upload-time = "2024-11-06T16:35:37.677Z" }
wheels = [
    { url = "https://files.pythonhosted.org/packages/2b/78/57043611a16c655c8350b4c01b8d6abfb38cc2acb475238b62c2146186d7/tqdm-4.67.0-py3-none-any.whl", hash = "sha256:0cd8af9d56911acab92182e88d763100d4788bdf421d251616040cc4d44863be", size = 78590, upload-time = "2024-11-06T16:35:35.023Z" },
]
